
Microsoft Visual Studio Solution File, Format Version 12.00
# Visual Studio Version 17
VisualStudioVersion = 17.5.33627.172
MinimumVisualStudioVersion = 10.0.40219.1
Project("{9A19103F-16F7-4668-BE54-9A1E7A4F7556}") = "SDATools", "SDATools\SDATools.csproj", "{E8AFEBF9-FF31-451D-A23E-218AFD94AA21}"
EndProject
Project("{2150E333-8FDC-42A3-9474-1A3956D46DE8}") = "解决方案项", "解决方案项", "{7E520E44-D5CE-4C88-94EA-99887A0731AE}"
	ProjectSection(SolutionItems) = preProject
		Directory.Build.props = Directory.Build.props
		Directory.Packages.props = Directory.Packages.props
	EndProjectSection
EndProject
Global
	GlobalSection(SolutionConfigurationPlatforms) = preSolution
		Debug|Any CPU = Debug|Any CPU
		Release|Any CPU = Release|Any CPU
	EndGlobalSection
	GlobalSection(ProjectConfigurationPlatforms) = postSolution
		{E8AFEBF9-FF31-451D-A23E-218AFD94AA21}.Debug|Any CPU.ActiveCfg = Debug|Any CPU
		{E8AFEBF9-FF31-451D-A23E-218AFD94AA21}.Debug|Any CPU.Build.0 = Debug|Any CPU
		{E8AFEBF9-FF31-451D-A23E-218AFD94AA21}.Release|Any CPU.ActiveCfg = Release|Any CPU
		{E8AFEBF9-FF31-451D-A23E-218AFD94AA21}.Release|Any CPU.Build.0 = Release|Any CPU
	EndGlobalSection
	GlobalSection(SolutionProperties) = preSolution
		HideSolutionNode = FALSE
	EndGlobalSection
	GlobalSection(ExtensibilityGlobals) = postSolution
		SolutionGuid = {4899A2F7-857A-4D01-A020-691E43DA22F7}
	EndGlobalSection
EndGlobal
